
Microsoft Visual Studio Solution File, Format Version 12.00
# Visual Studio 15
VisualStudioVersion = 15.0.28307.852
MinimumVisualStudioVersion = 10.0.40219.1
Project("{8BC9CEB8-8B4A-11D0-8D11-00A0C91BC942}") = "ProjectC", "ProjectC\ProjectC.vcxproj", "{F8417FA7-B7B2-4B4B-997A-D5A9152FA061}"
EndProject
Global
	GlobalSection(SolutionConfigurationPlatforms) = preSolution
		Debug|x64 = Debug|x64
		Debug|x86 = Debug|x86
		Release|x64 = Release|x64
		Release|x86 = Release|x86
	EndGlobalSection
	GlobalSection(ProjectConfigurationPlatforms) = postSolution
		{F8417FA7-B7B2-4B4B-997A-D5A9152FA061}.Debug|x64.ActiveCfg = Debug|x64
		{F8417FA7-B7B2-4B4B-997A-D5A9152FA061}.Debug|x64.Build.0 = Debug|x64
		{F8417FA7-B7B2-4B4B-997A-D5A9152FA061}.Debug|x86.ActiveCfg = Debug|Win32
		{F8417FA7-B7B2-4B4B-997A-D5A9152FA061}.Debug|x86.Build.0 = Debug|Win32
		{F8417FA7-B7B2-4B4B-997A-D5A9152FA061}.Release|x64.ActiveCfg = Release|x64
		{F8417FA7-B7B2-4B4B-997A-D5A9152FA061}.Release|x64.Build.0 = Release|x64
		{F8417FA7-B7B2-4B4B-997A-D5A9152FA061}.Release|x86.ActiveCfg = Release|Win32
		{F8417FA7-B7B2-4B4B-997A-D5A9152FA061}.Release|x86.Build.0 = Release|Win32
	EndGlobalSection
	GlobalSection(SolutionProperties) = preSolution
		HideSolutionNode = FALSE
	EndGlobalSection
	GlobalSection(ExtensibilityGlobals) = postSolution
		SolutionGuid = {74D15970-C98B-43BE-81B9-846305887CAE}
	EndGlobalSection
EndGlobal
